
Microsoft Visual Studio Solution File, Format Version 12.00
# Visual Studio Version 16
VisualStudioVersion = 16.0.31410.357
MinimumVisualStudioVersion = 10.0.40219.1
Project("{FAE04EC0-301F-11D3-BF4B-00C04F79EFBC}") = "PrintScannerApp", "PrintScannerApp.csproj", "{20CA7B0E-FEB4-4C4B-849F-D4DE8E09A179}"
EndProject
Global
	GlobalSection(SolutionConfigurationPlatforms) = preSolution
		Debug|Any CPU = Debug|Any CPU
		Release|Any CPU = Release|Any CPU
	EndGlobalSection
	GlobalSection(ProjectConfigurationPlatforms) = postSolution
		{20CA7B0E-FEB4-4C4B-849F-D4DE8E09A179}.Debug|Any CPU.ActiveCfg = Debug|Any CPU
		{20CA7B0E-FEB4-4C4B-849F-D4DE8E09A179}.Debug|Any CPU.Build.0 = Debug|Any CPU
		{20CA7B0E-FEB4-4C4B-849F-D4DE8E09A179}.Release|Any CPU.ActiveCfg = Release|Any CPU
		{20CA7B0E-FEB4-4C4B-849F-D4DE8E09A179}.Release|Any CPU.Build.0 = Release|Any CPU
	EndGlobalSection
	GlobalSection(SolutionProperties) = preSolution
		HideSolutionNode = FALSE
	EndGlobalSection
	GlobalSection(ExtensibilityGlobals) = postSolution
		SolutionGuid = {86E80575-6D0B-46BE-A45A-1164527BA139}
	EndGlobalSection
EndGlobal
